version = 1
revision = 2
requires-python = ">=3.12"

[[package]]
name = "agent-shell-py"
version = "0.3.1"
source = { registry = "https://pypi.org/simple" }
sdist = { url = "https://files.pythonhosted.org/packages/57/dd/b1969dff49e3705415ecc66f74139131e0b7c8f02267b47bd77740194d21/agent_shell_py-0.3.1.tar.gz", hash = "sha256:17ad315ca447b4880deaa79763045f0b16620ebd3babf35517e3f380f51e687f", size = 1882179, upload-time = "2026-08-28T16:52:41.219Z" }
wheels = [
    { url = "https://files.pythonhosted.org/packages/7f/1e/cfb1e96c71d9bceaa173b93c100cfabe78dad21ed689ee0ce55be076fa52/agent_shell_py-0.3.1-py3-none-any.whl", hash = "sha256:277fc84221cded7ac0aebcfbe21a0973d56d9bb47ff8fb4421523f9249032e7d", size = 64991, upload-time = "2026-08-28T16:52:39.665Z" },
]

[[package]]
name = "pi-agent-shell-runtime"
version = "0.1.0"
source = { virtual = "." }
dependencies = [
    { name = "agent-shell-py" },
]

[package.metadata]
requires-dist = [{ name = "agent-shell-py", specifier = "==0.3.1" }]
