version = 1
revision = 2
requires-python = ">=3.12"

[[package]]
name = "agent-shell-py"
version = "0.2.0"
source = { registry = "https://pypi.org/simple" }
sdist = { url = "https://files.pythonhosted.org/packages/15/b1/603608f5554000011cab1ee2e3b7ceba2031c074cebfe70a37bcba343680/agent_shell_py-0.2.0.tar.gz", hash = "sha256:3d72ccf30a3f596c96c548468401c364041c55709f8c4aadd5a896f635fcfe07", size = 153115, upload-time = "2026-07-26T10:04:34.817Z" }
wheels = [
    { url = "https://files.pythonhosted.org/packages/6e/bb/9058ade885d220977c465bd7708ca34bd0ef01a8858bfd706a197e5ba7b4/agent_shell_py-0.2.0-py3-none-any.whl", hash = "sha256:40bbb6e39897f7b1ceca715d097b22f6a6a4c5d7770e196764215b66e73d010c", size = 50495, upload-time = "2026-07-26T10:04:33.364Z" },
]

[[package]]
name = "pi-agent-shell-runtime"
version = "0.1.0"
source = { virtual = "." }
dependencies = [
    { name = "agent-shell-py" },
]

[package.metadata]
requires-dist = [{ name = "agent-shell-py", specifier = "==0.2.0" }]
